// !$*UTF8*$!
{
	archiveVersion = 1;
	classes = {
	};
	objectVersion = 46;
	objects = {

/* Begin PBXBuildFile section */
		37786D4D1B66803100AB3427 /* MemeCollectionViewController.swift in Sources */ = {isa = PBXBuildFile; fileRef = 37786D4C1B66803100AB3427 /* MemeCollectionViewController.swift */; };
		37786D4F1B66871800AB3427 /* MemeCollectionViewCell.swift in Sources */ = {isa = PBXBuildFile; fileRef = 37786D4E1B66871800AB3427 /* MemeCollectionViewCell.swift */; };
		37786D511B669FE100AB3427 /* MemeDetailViewController.swift in Sources */ = {isa = PBXBuildFile; fileRef = 37786D501B669FE100AB3427 /* MemeDetailViewController.swift */; };
		37786D571B66C43200AB3427 /* MemeTableViewCell.swift in Sources */ = {isa = PBXBuildFile; fileRef = 37786D561B66C43200AB3427 /* MemeTableViewCell.swift */; };
		37A2B0C71B65B6DC00EDA444 /* AppDelegate.swift in Sources */ = {isa = PBXBuildFile; fileRef = 37A2B0C61B65B6DC00EDA444 /* AppDelegate.swift */; };
		37A2B0C91B65B6DC00EDA444 /* MemeTableViewController.swift in Sources */ = {isa = PBXBuildFile; fileRef = 37A2B0C81B65B6DC00EDA444 /* MemeTableViewController.swift */; };
		37A2B0CC1B65B6DC00EDA444 /* Main.storyboard in Resources */ = {isa = PBXBuildFile; fileRef = 37A2B0CA1B65B6DC00EDA444 /* Main.storyboard */; };
		37A2B0CE1B65B6DC00EDA444 /* Images.xcassets in Resources */ = {isa = PBXBuildFile; fileRef = 37A2B0CD1B65B6DC00EDA444 /* Images.xcassets */; };
		37A2B0D11B65B6DC00EDA444 /* LaunchScreen.xib in Resources */ = {isa = PBXBuildFile; fileRef = 37A2B0CF1B65B6DC00EDA444 /* LaunchScreen.xib */; };
		37A2B0DD1B65B6DC00EDA444 /* MemeMeTests.swift in Sources */ = {isa = PBXBuildFile; fileRef = 37A2B0DC1B65B6DC00EDA444 /* MemeMeTests.swift */; };
		37A2B0E91B65B7CD00EDA444 /* Meme.swift in Sources */ = {isa = PBXBuildFile; fileRef = 37A2B0E81B65B7CD00EDA444 /* Meme.swift */; };
		37A2B0EB1B65B84E00EDA444 /* MemeEditor.swift in Sources */ = {isa = PBXBuildFile; fileRef = 37A2B0EA1B65B84E00EDA444 /* MemeEditor.swift */; };
/* End PBXBuildFile section */

/* Begin PBXContainerItemProxy section */
		37A2B0D71B65B6DC00EDA444 /* PBXContainerItemProxy */ = {
			isa = PBXContainerItemProxy;
			containerPortal = 37A2B0B91B65B6DC00EDA444 /* Project object */;
			proxyType = 1;
			remoteGlobalIDString = 37A2B0C01B65B6DC00EDA444;
			remoteInfo = MemeMe;
		};
/* End PBXContainerItemProxy section */

/* Begin PBXFileReference section */
		37786D4C1B66803100AB3427 /* MemeCollectionViewController.swift */ = {isa = PBXFileReference; fileEncoding = 4; lastKnownFileType = sourcecode.swift; path = MemeCollectionViewController.swift; sourceTree = "<group>"; };
		37786D4E1B66871800AB3427 /* MemeCollectionViewCell.swift */ = {isa = PBXFileReference; fileEncoding = 4; lastKnownFileType = sourcecode.swift; path = MemeCollectionViewCell.swift; sourceTree = "<group>"; };
		37786D501B669FE100AB3427 /* MemeDetailViewController.swift */ = {isa = PBXFileReference; fileEncoding = 4; lastKnownFileType = sourcecode.swift; path = MemeDetailViewController.swift; sourceTree = "<group>"; };
		37786D561B66C43200AB3427 /* MemeTableViewCell.swift */ = {isa = PBXFileReference; fileEncoding = 4; lastKnownFileType = sourcecode.swift; path = MemeTableViewCell.swift; sourceTree = "<group>"; };
		37A2B0C11B65B6DC00EDA444 /* MemeMe.app */ = {isa = PBXFileReference; explicitFileType = wrapper.application; includeInIndex = 0; path = MemeMe.app; sourceTree = BUILT_PRODUCTS_DIR; };
		37A2B0C51B65B6DC00EDA444 /* Info.plist */ = {isa = PBXFileReference; lastKnownFileType = text.plist.xml; path = Info.plist; sourceTree = "<group>"; };
		37A2B0C61B65B6DC00EDA444 /* AppDelegate.swift */ = {isa = PBXFileReference; lastKnownFileType = sourcecode.swift; path = AppDelegate.swift; sourceTree = "<group>"; };
		37A2B0C81B65B6DC00EDA444 /* MemeTableViewController.swift */ = {isa = PBXFileReference; lastKnownFileType = sourcecode.swift; path = MemeTableViewController.swift; sourceTree = "<group>"; };
		37A2B0CB1B65B6DC00EDA444 /* Base */ = {isa = PBXFileReference; lastKnownFileType = file.storyboard; name = Base; path = Base.lproj/Main.storyboard; sourceTree = "<group>"; };
		37A2B0CD1B65B6DC00EDA444 /* Images.xcassets */ = {isa = PBXFileReference; lastKnownFileType = folder.assetcatalog; path = Images.xcassets; sourceTree = "<group>"; };
		37A2B0D01B65B6DC00EDA444 /* Base */ = {isa = PBXFileReference; lastKnownFileType = file.xib; name = Base; path = Base.lproj/LaunchScreen.xib; sourceTree = "<group>"; };
		37A2B0D61B65B6DC00EDA444 /* MemeMeTests.xctest */ = {isa = PBXFileReference; explicitFileType = wrapper.cfbundle; includeInIndex = 0; path = MemeMeTests.xctest; sourceTree = BUILT_PRODUCTS_DIR; };
		37A2B0DB1B65B6DC00EDA444 /* Info.plist */ = {isa = PBXFileReference; lastKnownFileType = text.plist.xml; path = Info.plist; sourceTree = "<group>"; };
		37A2B0DC1B65B6DC00EDA444 /* MemeMeTests.swift */ = {isa = PBXFileReference; lastKnownFileType = sourcecode.swift; path = MemeMeTests.swift; sourceTree = "<group>"; };
		37A2B0E81B65B7CD00EDA444 /* Meme.swift */ = {isa = PBXFileReference; fileEncoding = 4; lastKnownFileType = sourcecode.swift; path = Meme.swift; sourceTree = "<group>"; };
		37A2B0EA1B65B84E00EDA444 /* MemeEditor.swift */ = {isa = PBXFileReference; fileEncoding = 4; lastKnownFileType = sourcecode.swift; path = MemeEditor.swift; sourceTree = "<group>"; };
/* End PBXFileReference section */

/* Begin PBXFrameworksBuildPhase section */
		37A2B0BE1B65B6DC00EDA444 /* Frameworks */ = {
			isa = PBXFrameworksBuildPhase;
			buildActionMask = 2147483647;
			files = (
			);
			runOnlyForDeploymentPostprocessing = 0;
		};
		37A2B0D31B65B6DC00EDA444 /* Frameworks */ = {
			isa = PBXFrameworksBuildPhase;
			buildActionMask = 2147483647;
			files = (
			);
			runOnlyForDeploymentPostprocessing = 0;
		};
/* End PBXFrameworksBuildPhase section */

/* Begin PBXGroup section */
		37A2B0B81B65B6DC00EDA444 = {
			isa = PBXGroup;
			children = (
				37A2B0C31B65B6DC00EDA444 /* MemeMe */,
				37A2B0D91B65B6DC00EDA444 /* MemeMeTests */,
				37A2B0C21B65B6DC00EDA444 /* Products */,
			);
			sourceTree = "<group>";
		};
		37A2B0C21B65B6DC00EDA444 /* Products */ = {
			isa = PBXGroup;
			children = (
				37A2B0C11B65B6DC00EDA444 /* MemeMe.app */,
				37A2B0D61B65B6DC00EDA444 /* MemeMeTests.xctest */,
			);
			name = Products;
			sourceTree = "<group>";
		};
		37A2B0C31B65B6DC00EDA444 /* MemeMe */ = {
			isa = PBXGroup;
			children = (
				37A2B0CA1B65B6DC00EDA444 /* Main.storyboard */,
				37A2B0C61B65B6DC00EDA444 /* AppDelegate.swift */,
				37A2B0E81B65B7CD00EDA444 /* Meme.swift */,
				37A2B0EA1B65B84E00EDA444 /* MemeEditor.swift */,
				37A2B0C81B65B6DC00EDA444 /* MemeTableViewController.swift */,
				37786D561B66C43200AB3427 /* MemeTableViewCell.swift */,
				37786D4C1B66803100AB3427 /* MemeCollectionViewController.swift */,
				37786D4E1B66871800AB3427 /* MemeCollectionViewCell.swift */,
				37786D501B669FE100AB3427 /* MemeDetailViewController.swift */,
				37A2B0CF1B65B6DC00EDA444 /* LaunchScreen.xib */,
				37A2B0CD1B65B6DC00EDA444 /* Images.xcassets */,
				37A2B0C41B65B6DC00EDA444 /* Supporting Files */,
			);
			path = MemeMe;
			sourceTree = "<group>";
		};
		37A2B0C41B65B6DC00EDA444 /* Supporting Files */ = {
			isa = PBXGroup;
			children = (
				37A2B0C51B65B6DC00EDA444 /* Info.plist */,
			);
			name = "Supporting Files";
			sourceTree = "<group>";
		};
		37A2B0D91B65B6DC00EDA444 /* MemeMeTests */ = {
			isa = PBXGroup;
			children = (
				37A2B0DC1B65B6DC00EDA444 /* MemeMeTests.swift */,
				37A2B0DA1B65B6DC00EDA444 /* Supporting Files */,
			);
			path = MemeMeTests;
			sourceTree = "<group>";
		};
		37A2B0DA1B65B6DC00EDA444 /* Supporting Files */ = {
			isa = PBXGroup;
			children = (
				37A2B0DB1B65B6DC00EDA444 /* Info.plist */,
			);
			name = "Supporting Files";
			sourceTree = "<group>";
		};
/* End PBXGroup section */

/* Begin PBXNativeTarget section */
		37A2B0C01B65B6DC00EDA444 /* MemeMe */ = {
			isa = PBXNativeTarget;
			buildConfigurationList = 37A2B0E01B65B6DC00EDA444 /* Build configuration list for PBXNativeTarget "MemeMe" */;
			buildPhases = (
				37A2B0BD1B65B6DC00EDA444 /* Sources */,
				37A2B0BE1B65B6DC00EDA444 /* Frameworks */,
				37A2B0BF1B65B6DC00EDA444 /* Resources */,
			);
			buildRules = (
			);
			dependencies = (
			);
			name = MemeMe;
			productName = MemeMe;
			productReference = 37A2B0C11B65B6DC00EDA444 /* MemeMe.app */;
			productType = "com.apple.product-type.application";
		};
		37A2B0D51B65B6DC00EDA444 /* MemeMeTests */ = {
			isa = PBXNativeTarget;
			buildConfigurationList = 37A2B0E31B65B6DC00EDA444 /* Build configuration list for PBXNativeTarget "MemeMeTests" */;
			buildPhases = (
				37A2B0D21B65B6DC00EDA444 /* Sources */,
				37A2B0D31B65B6DC00EDA444 /* Frameworks */,
				37A2B0D41B65B6DC00EDA444 /* Resources */,
			);
			buildRules = (
			);
			dependencies = (
				37A2B0D81B65B6DC00EDA444 /* PBXTargetDependency */,
			);
			name = MemeMeTests;
			productName = MemeMeTests;
			productReference = 37A2B0D61B65B6DC00EDA444 /* MemeMeTests.xctest */;
			productType = "com.apple.product-type.bundle.unit-test";
		};
/* End PBXNativeTarget section */

/* Begin PBXProject section */
		37A2B0B91B65B6DC00EDA444 /* Project object */ = {
			isa = PBXProject;
			attributes = {
				LastUpgradeCheck = 0640;
				ORGANIZATIONNAME = codingvirtual;
				TargetAttributes = {
					37A2B0C01B65B6DC00EDA444 = {
						CreatedOnToolsVersion = 6.4;
					};
					37A2B0D51B65B6DC00EDA444 = {
						CreatedOnToolsVersion = 6.4;
						TestTargetID = 37A2B0C01B65B6DC00EDA444;
					};
				};
			};
			buildConfigurationList = 37A2B0BC1B65B6DC00EDA444 /* Build configuration list for PBXProject "MemeMe" */;
			compatibilityVersion = "Xcode 3.2";
			developmentRegion = English;
			hasScannedForEncodings = 0;
			knownRegions = (
				en,
				Base,
			);
			mainGroup = 37A2B0B81B65B6DC00EDA444;
			productRefGroup = 37A2B0C21B65B6DC00EDA444 /* Products */;
			projectDirPath = "";
			projectRoot = "";
			targets = (
				37A2B0C01B65B6DC00EDA444 /* MemeMe */,
				37A2B0D51B65B6DC00EDA444 /* MemeMeTests */,
			);
		};
/* End PBXProject section */

/* Begin PBXResourcesBuildPhase section */
		37A2B0BF1B65B6DC00EDA444 /* Resources */ = {
			isa = PBXResourcesBuildPhase;
			buildActionMask = 2147483647;
			files = (
				37A2B0CC1B65B6DC00EDA444 /* Main.storyboard in Resources */,
				37A2B0D11B65B6DC00EDA444 /* LaunchScreen.xib in Resources */,
				37A2B0CE1B65B6DC00EDA444 /* Images.xcassets in Resources */,
			);
			runOnlyForDeploymentPostprocessing = 0;
		};
		37A2B0D41B65B6DC00EDA444 /* Resources */ = {
			isa = PBXResourcesBuildPhase;
			buildActionMask = 2147483647;
			files = (
			);
			runOnlyForDeploymentPostprocessing = 0;
		};
/* End PBXResourcesBuildPhase section */

/* Begin PBXSourcesBuildPhase section */
		37A2B0BD1B65B6DC00EDA444 /* Sources */ = {
			isa = PBXSourcesBuildPhase;
			buildActionMask = 2147483647;
			files = (
				37A2B0E91B65B7CD00EDA444 /* Meme.swift in Sources */,
				37786D571B66C43200AB3427 /* MemeTableViewCell.swift in Sources */,
				37A2B0EB1B65B84E00EDA444 /* MemeEditor.swift in Sources */,
				37A2B0C91B65B6DC00EDA444 /* MemeTableViewController.swift in Sources */,
				37786D4F1B66871800AB3427 /* MemeCollectionViewCell.swift in Sources */,
				37786D511B669FE100AB3427 /* MemeDetailViewController.swift in Sources */,
				37786D4D1B66803100AB3427 /* MemeCollectionViewController.swift in Sources */,
				37A2B0C71B65B6DC00EDA444 /* AppDelegate.swift in Sources */,
			);
			runOnlyForDeploymentPostprocessing = 0;
		};
		37A2B0D21B65B6DC00EDA444 /* Sources */ = {
			isa = PBXSourcesBuildPhase;
			buildActionMask = 2147483647;
			files = (
				37A2B0DD1B65B6DC00EDA444 /* MemeMeTests.swift in Sources */,
			);
			runOnlyForDeploymentPostprocessing = 0;
		};
/* End PBXSourcesBuildPhase section */

/* Begin PBXTargetDependency section */
		37A2B0D81B65B6DC00EDA444 /* PBXTargetDependency */ = {
			isa = PBXTargetDependency;
			target = 37A2B0C01B65B6DC00EDA444 /* MemeMe */;
			targetProxy = 37A2B0D71B65B6DC00EDA444 /* PBXContainerItemProxy */;
		};
/* End PBXTargetDependency section */

/* Begin PBXVariantGroup section */
		37A2B0CA1B65B6DC00EDA444 /* Main.storyboard */ = {
			isa = PBXVariantGroup;
			children = (
				37A2B0CB1B65B6DC00EDA444 /* Base */,
			);
			name = Main.storyboard;
			sourceTree = "<group>";
		};
		37A2B0CF1B65B6DC00EDA444 /* LaunchScreen.xib */ = {
			isa = PBXVariantGroup;
			children = (
				37A2B0D01B65B6DC00EDA444 /* Base */,
			);
			name = LaunchScreen.xib;
			sourceTree = "<group>";
		};
/* End PBXVariantGroup section */

/* Begin XCBuildConfiguration section */
		37A2B0DE1B65B6DC00EDA444 /* Debug */ = {
			isa = XCBuildConfiguration;
			buildSettings = {
				ALWAYS_SEARCH_USER_PATHS = NO;
				CLANG_CXX_LANGUAGE_STANDARD = "gnu++0x";
				CLANG_CXX_LIBRARY = "libc++";
				CLANG_ENABLE_MODULES = YES;
				CLANG_ENABLE_OBJC_ARC = YES;
				CLANG_WARN_BOOL_CONVERSION = YES;
				CLANG_WARN_CONSTANT_CONVERSION = YES;
				CLANG_WARN_DIRECT_OBJC_ISA_USAGE = YES_ERROR;
				CLANG_WARN_EMPTY_BODY = YES;
				CLANG_WARN_ENUM_CONVERSION = YES;
				CLANG_WARN_INT_CONVERSION = YES;
				CLANG_WARN_OBJC_ROOT_CLASS = YES_ERROR;
				CLANG_WARN_UNREACHABLE_CODE = YES;
				CLANG_WARN__DUPLICATE_METHOD_MATCH = YES;
				"CODE_SIGN_IDENTITY[sdk=iphoneos*]" = "iPhone Developer";
				COPY_PHASE_STRIP = NO;
				DEBUG_INFORMATION_FORMAT = "dwarf-with-dsym";
				ENABLE_STRICT_OBJC_MSGSEND = YES;
				GCC_C_LANGUAGE_STANDARD = gnu99;
				GCC_DYNAMIC_NO_PIC = NO;
				GCC_NO_COMMON_BLOCKS = YES;
				GCC_OPTIMIZATION_LEVEL = 0;
				GCC_PREPROCESSOR_DEFINITIONS = (
					"DEBUG=1",
					"$(inherited)",
				);
				GCC_SYMBOLS_PRIVATE_EXTERN = NO;
				GCC_WARN_64_TO_32_BIT_CONVERSION = YES;
				GCC_WARN_ABOUT_RETURN_TYPE = YES_ERROR;
				GCC_WARN_UNDECLARED_SELECTOR = YES;
				GCC_WARN_UNINITIALIZED_AUTOS = YES_AGGRESSIVE;
				GCC_WARN_UNUSED_FUNCTION = YES;
				GCC_WARN_UNUSED_VARIABLE = YES;
				IPHONEOS_DEPLOYMENT_TARGET = 8.4;
				MTL_ENABLE_DEBUG_INFO = YES;
				ONLY_ACTIVE_ARCH = YES;
				SDKROOT = iphoneos;
				SWIFT_OPTIMIZATION_LEVEL = "-Onone";
			};
			name = Debug;
		};
		37A2B0DF1B65B6DC00EDA444 /* Release */ = {
			isa = XCBuildConfiguration;
			buildSettings = {
				ALWAYS_SEARCH_USER_PATHS = NO;
				CLANG_CXX_LANGUAGE_STANDARD = "gnu++0x";
				CLANG_CXX_LIBRARY = "libc++";
				CLANG_ENABLE_MODULES = YES;
				CLANG_ENABLE_OBJC_ARC = YES;
				CLANG_WARN_BOOL_CONVERSION = YES;
				CLANG_WARN_CONSTANT_CONVERSION = YES;
				CLANG_WARN_DIRECT_OBJC_ISA_USAGE = YES_ERROR;
				CLANG_WARN_EMPTY_BODY = YES;
				CLANG_WARN_ENUM_CONVERSION = YES;
				CLANG_WARN_INT_CONVERSION = YES;
				CLANG_WARN_OBJC_ROOT_CLASS = YES_ERROR;
				CLANG_WARN_UNREACHABLE_CODE = YES;
				CLANG_WARN__DUPLICATE_METHOD_MATCH = YES;
				"CODE_SIGN_IDENTITY[sdk=iphoneos*]" = "iPhone Developer";
				COPY_PHASE_STRIP = NO;
				DEBUG_INFORMATION_FORMAT = "dwarf-with-dsym";
				ENABLE_NS_ASSERTIONS = NO;
				ENABLE_STRICT_OBJC_MSGSEND = YES;
				GCC_C_LANGUAGE_STANDARD = gnu99;
				GCC_NO_COMMON_BLOCKS = YES;
				GCC_WARN_64_TO_32_BIT_CONVERSION = YES;
				GCC_WARN_ABOUT_RETURN_TYPE = YES_ERROR;
				GCC_WARN_UNDECLARED_SELECTOR = YES;
				GCC_WARN_UNINITIALIZED_AUTOS = YES_AGGRESSIVE;
				GCC_WARN_UNUSED_FUNCTION = YES;
				GCC_WARN_UNUSED_VARIABLE = YES;
				IPHONEOS_DEPLOYMENT_TARGET = 8.4;
				MTL_ENABLE_DEBUG_INFO = NO;
				SDKROOT = iphoneos;
				VALIDATE_PRODUCT = YES;
			};
			name = Release;
		};
		37A2B0E11B65B6DC00EDA444 /* Debug */ = {
			isa = XCBuildConfiguration;
			buildSettings = {
				ASSETCATALOG_COMPILER_APPICON_NAME = AppIcon;
				INFOPLIST_FILE = MemeMe/Info.plist;
				LD_RUNPATH_SEARCH_PATHS = "$(inherited) @executable_path/Frameworks";
				PRODUCT_NAME = "$(TARGET_NAME)";
			};
			name = Debug;
		};
		37A2B0E21B65B6DC00EDA444 /* Release */ = {
			isa = XCBuildConfiguration;
			buildSettings = {
				ASSETCATALOG_COMPILER_APPICON_NAME = AppIcon;
				INFOPLIST_FILE = MemeMe/Info.plist;
				LD_RUNPATH_SEARCH_PATHS = "$(inherited) @executable_path/Frameworks";
				PRODUCT_NAME = "$(TARGET_NAME)";
			};
			name = Release;
		};
		37A2B0E41B65B6DC00EDA444 /* Debug */ = {
			isa = XCBuildConfiguration;
			buildSettings = {
				BUNDLE_LOADER = "$(TEST_HOST)";
				FRAMEWORK_SEARCH_PATHS = (
					"$(SDKROOT)/Developer/Library/Frameworks",
					"$(inherited)",
				);
				GCC_PREPROCESSOR_DEFINITIONS = (
					"DEBUG=1",
					"$(inherited)",
				);
				INFOPLIST_FILE = MemeMeTests/Info.plist;
				LD_RUNPATH_SEARCH_PATHS = "$(inherited) @executable_path/Frameworks @loader_path/Frameworks";
				PRODUCT_NAME = "$(TARGET_NAME)";
				TEST_HOST = "$(BUILT_PRODUCTS_DIR)/MemeMe.app/MemeMe";
			};
			name = Debug;
		};
		37A2B0E51B65B6DC00EDA444 /* Release */ = {
			isa = XCBuildConfiguration;
			buildSettings = {
				BUNDLE_LOADER = "$(TEST_HOST)";
				FRAMEWORK_SEARCH_PATHS = (
					"$(SDKROOT)/Developer/Library/Frameworks",
					"$(inherited)",
				);
				INFOPLIST_FILE = MemeMeTests/Info.plist;
				LD_RUNPATH_SEARCH_PATHS = "$(inherited) @executable_path/Frameworks @loader_path/Frameworks";
				PRODUCT_NAME = "$(TARGET_NAME)";
				TEST_HOST = "$(BUILT_PRODUCTS_DIR)/MemeMe.app/MemeMe";
			};
			name = Release;
		};
/* End XCBuildConfiguration section */

/* Begin XCConfigurationList section */
		37A2B0BC1B65B6DC00EDA444 /* Build configuration list for PBXProject "MemeMe" */ = {
			isa = XCConfigurationList;
			buildConfigurations = (
				37A2B0DE1B65B6DC00EDA444 /* Debug */,
				37A2B0DF1B65B6DC00EDA444 /* Release */,
			);
			defaultConfigurationIsVisible = 0;
			defaultConfigurationName = Release;
		};
		37A2B0E01B65B6DC00EDA444 /* Build configuration list for PBXNativeTarget "MemeMe" */ = {
			isa = XCConfigurationList;
			buildConfigurations = (
				37A2B0E11B65B6DC00EDA444 /* Debug */,
				37A2B0E21B65B6DC00EDA444 /* Release */,
			);
			defaultConfigurationIsVisible = 0;
			defaultConfigurationName = Release;
		};
		37A2B0E31B65B6DC00EDA444 /* Build configuration list for PBXNativeTarget "MemeMeTests" */ = {
			isa = XCConfigurationList;
			buildConfigurations = (
				37A2B0E41B65B6DC00EDA444 /* Debug */,
				37A2B0E51B65B6DC00EDA444 /* Release */,
			);
			defaultConfigurationIsVisible = 0;
			defaultConfigurationName = Release;
		};
/* End XCConfigurationList section */
	};
	rootObject = 37A2B0B91B65B6DC00EDA444 /* Project object */;
}
